github.com/metamessage/metamessage v0.1.18 h1:3O5+kQT1v/Kme0aSjWwP6VAzqU5miRrfd1wGYFf7+h4=
github.com/metamessage/metamessage v0.1.18/go.mod h1:OnS+8VInIHjaEgUnF064VFHPzh8qX3psqUF6YoIjaf4=
github.com/metamessage/mm-web-go/web v0.1.3 h1:1ccfQU4An1oCC6f3oqhMXeeckYeZfVZMtcu1wMfreb4=
github.com/metamessage/mm-web-go/web v0.1.3/go.mod h1:BB5r/LEXQJ81D1BxILXidVLn/2xKhve5btsyWLo8YcU=
